
Microsoft Visual Studio Solution File, Format Version 12.00
# Visual Studio Version 17
VisualStudioVersion = 17.7.34018.315
MinimumVisualStudioVersion = 10.0.40219.1
Project("{9A19103F-16F7-4668-BE54-9A1E7A4F7556}") = "EjercicioEnClase", "EjercicioEnClase\EjercicioEnClase.csproj", "{4AE6ACE9-4253-49D0-B1D9-14E4CD60B783}"
EndProject
Project("{9A19103F-16F7-4668-BE54-9A1E7A4F7556}") = "Ejercicio_A.01", "Ejercicio_2\Ejercicio_A.01.csproj", "{D60CA0F3-F808-48FB-A1E2-BAA6DEBB3EDE}"
EndProject
Project("{2150E333-8FDC-42A3-9474-1A3956D46DE8}") = "clase_1", "clase_1", "{1FA6A0E1-8964-497C-9375-7CE4C7E4861F}"
EndProject
Project("{9A19103F-16F7-4668-BE54-9A1E7A4F7556}") = "Ejercicio_A02", "Ejercicio_A02\Ejercicio_A02.csproj", "{6D2D9403-FF87-4753-B7FB-E844BD21BF4B}"
EndProject
Project("{9A19103F-16F7-4668-BE54-9A1E7A4F7556}") = "Ejercicio_A03", "Ejercicio_A03\Ejercicio_A03.csproj", "{E25C2AB7-942F-4A62-8382-86ED72C9E7B8}"
EndProject
Project("{9A19103F-16F7-4668-BE54-9A1E7A4F7556}") = "Ejercicio_A04", "Ejercicio_A04\Ejercicio_A04.csproj", "{F84C45F4-457A-42E2-BB17-23E150402BC5}"
EndProject
Project("{FAE04EC0-301F-11D3-BF4B-00C04F79EFBC}") = "Ejercicio_A05", "Ejercicio_A05\Ejercicio_A05.csproj", "{92164495-8048-4147-BCD6-1FA2087C0C12}"
EndProject
Project("{FAE04EC0-301F-11D3-BF4B-00C04F79EFBC}") = "Ejercicio_A06", "Ejercicio_A06\Ejercicio_A06.csproj", "{07A2B126-8A97-4943-BD67-10B4467AC84E}"
EndProject
Project("{FAE04EC0-301F-11D3-BF4B-00C04F79EFBC}") = "Ejercicio_A07", "Ejercicio_A07\Ejercicio_A07.csproj", "{9FE822B1-096B-4587-8EC6-3A3E6B4566A0}"
EndProject
Project("{FAE04EC0-301F-11D3-BF4B-00C04F79EFBC}") = "Ejercicio_A08", "Ejercicio_A08\Ejercicio_A08.csproj", "{A80FFBAE-2090-49F6-9EA1-6F5E8EA1E9E6}"
EndProject
Project("{FAE04EC0-301F-11D3-BF4B-00C04F79EFBC}") = "Ejercicio_A09", "Ejercicio_A09\Ejercicio_A09.csproj", "{13A5C585-FC4E-4000-8D15-C495200A013B}"
EndProject
Project("{FAE04EC0-301F-11D3-BF4B-00C04F79EFBC}") = "Ejercicio_A10", "Ejercicio_A10\Ejercicio_A10.csproj", "{4D79F637-DE90-4279-8F97-491802C672A2}"
EndProject
Project("{2150E333-8FDC-42A3-9474-1A3956D46DE8}") = "clase_2", "clase_2", "{EE52D452-B7C7-498A-875D-64B0A6A966D6}"
EndProject
Global
	GlobalSection(SolutionConfigurationPlatforms) = preSolution
		Debug|Any CPU = Debug|Any CPU
		Release|Any CPU = Release|Any CPU
	EndGlobalSection
	GlobalSection(ProjectConfigurationPlatforms) = postSolution
		{4AE6ACE9-4253-49D0-B1D9-14E4CD60B783}.Debug|Any CPU.ActiveCfg = Debug|Any CPU
		{4AE6ACE9-4253-49D0-B1D9-14E4CD60B783}.Debug|Any CPU.Build.0 = Debug|Any CPU
		{4AE6ACE9-4253-49D0-B1D9-14E4CD60B783}.Release|Any CPU.ActiveCfg = Release|Any CPU
		{4AE6ACE9-4253-49D0-B1D9-14E4CD60B783}.Release|Any CPU.Build.0 = Release|Any CPU
		{D60CA0F3-F808-48FB-A1E2-BAA6DEBB3EDE}.Debug|Any CPU.ActiveCfg = Debug|Any CPU
		{D60CA0F3-F808-48FB-A1E2-BAA6DEBB3EDE}.Debug|Any CPU.Build.0 = Debug|Any CPU
		{D60CA0F3-F808-48FB-A1E2-BAA6DEBB3EDE}.Release|Any CPU.ActiveCfg = Release|Any CPU
		{D60CA0F3-F808-48FB-A1E2-BAA6DEBB3EDE}.Release|Any CPU.Build.0 = Release|Any CPU
		{6D2D9403-FF87-4753-B7FB-E844BD21BF4B}.Debug|Any CPU.ActiveCfg = Debug|Any CPU
		{6D2D9403-FF87-4753-B7FB-E844BD21BF4B}.Debug|Any CPU.Build.0 = Debug|Any CPU
		{6D2D9403-FF87-4753-B7FB-E844BD21BF4B}.Release|Any CPU.ActiveCfg = Release|Any CPU
		{6D2D9403-FF87-4753-B7FB-E844BD21BF4B}.Release|Any CPU.Build.0 = Release|Any CPU
		{E25C2AB7-942F-4A62-8382-86ED72C9E7B8}.Debug|Any CPU.ActiveCfg = Debug|Any CPU
		{E25C2AB7-942F-4A62-8382-86ED72C9E7B8}.Debug|Any CPU.Build.0 = Debug|Any CPU
		{E25C2AB7-942F-4A62-8382-86ED72C9E7B8}.Release|Any CPU.ActiveCfg = Release|Any CPU
		{E25C2AB7-942F-4A62-8382-86ED72C9E7B8}.Release|Any CPU.Build.0 = Release|Any CPU
		{F84C45F4-457A-42E2-BB17-23E150402BC5}.Debug|Any CPU.ActiveCfg = Debug|Any CPU
		{F84C45F4-457A-42E2-BB17-23E150402BC5}.Debug|Any CPU.Build.0 = Debug|Any CPU
		{F84C45F4-457A-42E2-BB17-23E150402BC5}.Release|Any CPU.ActiveCfg = Release|Any CPU
		{F84C45F4-457A-42E2-BB17-23E150402BC5}.Release|Any CPU.Build.0 = Release|Any CPU
		{92164495-8048-4147-BCD6-1FA2087C0C12}.Debug|Any CPU.ActiveCfg = Debug|Any CPU
		{92164495-8048-4147-BCD6-1FA2087C0C12}.Debug|Any CPU.Build.0 = Debug|Any CPU
		{92164495-8048-4147-BCD6-1FA2087C0C12}.Release|Any CPU.ActiveCfg = Release|Any CPU
		{92164495-8048-4147-BCD6-1FA2087C0C12}.Release|Any CPU.Build.0 = Release|Any CPU
		{07A2B126-8A97-4943-BD67-10B4467AC84E}.Debug|Any CPU.ActiveCfg = Debug|Any CPU
		{07A2B126-8A97-4943-BD67-10B4467AC84E}.Debug|Any CPU.Build.0 = Debug|Any CPU
		{07A2B126-8A97-4943-BD67-10B4467AC84E}.Release|Any CPU.ActiveCfg = Release|Any CPU
		{07A2B126-8A97-4943-BD67-10B4467AC84E}.Release|Any CPU.Build.0 = Release|Any CPU
		{9FE822B1-096B-4587-8EC6-3A3E6B4566A0}.Debug|Any CPU.ActiveCfg = Debug|Any CPU
		{9FE822B1-096B-4587-8EC6-3A3E6B4566A0}.Debug|Any CPU.Build.0 = Debug|Any CPU
		{9FE822B1-096B-4587-8EC6-3A3E6B4566A0}.Release|Any CPU.ActiveCfg = Release|Any CPU
		{9FE822B1-096B-4587-8EC6-3A3E6B4566A0}.Release|Any CPU.Build.0 = Release|Any CPU
		{A80FFBAE-2090-49F6-9EA1-6F5E8EA1E9E6}.Debug|Any CPU.ActiveCfg = Debug|Any CPU
		{A80FFBAE-2090-49F6-9EA1-6F5E8EA1E9E6}.Debug|Any CPU.Build.0 = Debug|Any CPU
		{A80FFBAE-2090-49F6-9EA1-6F5E8EA1E9E6}.Release|Any CPU.ActiveCfg = Release|Any CPU
		{A80FFBAE-2090-49F6-9EA1-6F5E8EA1E9E6}.Release|Any CPU.Build.0 = Release|Any CPU
		{13A5C585-FC4E-4000-8D15-C495200A013B}.Debug|Any CPU.ActiveCfg = Debug|Any CPU
		{13A5C585-FC4E-4000-8D15-C495200A013B}.Debug|Any CPU.Build.0 = Debug|Any CPU
		{13A5C585-FC4E-4000-8D15-C495200A013B}.Release|Any CPU.ActiveCfg = Release|Any CPU
		{13A5C585-FC4E-4000-8D15-C495200A013B}.Release|Any CPU.Build.0 = Release|Any CPU
		{4D79F637-DE90-4279-8F97-491802C672A2}.Debug|Any CPU.ActiveCfg = Debug|Any CPU
		{4D79F637-DE90-4279-8F97-491802C672A2}.Debug|Any CPU.Build.0 = Debug|Any CPU
		{4D79F637-DE90-4279-8F97-491802C672A2}.Release|Any CPU.ActiveCfg = Release|Any CPU
		{4D79F637-DE90-4279-8F97-491802C672A2}.Release|Any CPU.Build.0 = Release|Any CPU
	EndGlobalSection
	GlobalSection(SolutionProperties) = preSolution
		HideSolutionNode = FALSE
	EndGlobalSection
	GlobalSection(NestedProjects) = preSolution
		{4AE6ACE9-4253-49D0-B1D9-14E4CD60B783} = {1FA6A0E1-8964-497C-9375-7CE4C7E4861F}
		{D60CA0F3-F808-48FB-A1E2-BAA6DEBB3EDE} = {1FA6A0E1-8964-497C-9375-7CE4C7E4861F}
		{6D2D9403-FF87-4753-B7FB-E844BD21BF4B} = {1FA6A0E1-8964-497C-9375-7CE4C7E4861F}
		{E25C2AB7-942F-4A62-8382-86ED72C9E7B8} = {1FA6A0E1-8964-497C-9375-7CE4C7E4861F}
		{F84C45F4-457A-42E2-BB17-23E150402BC5} = {1FA6A0E1-8964-497C-9375-7CE4C7E4861F}
		{92164495-8048-4147-BCD6-1FA2087C0C12} = {1FA6A0E1-8964-497C-9375-7CE4C7E4861F}
		{07A2B126-8A97-4943-BD67-10B4467AC84E} = {1FA6A0E1-8964-497C-9375-7CE4C7E4861F}
		{9FE822B1-096B-4587-8EC6-3A3E6B4566A0} = {1FA6A0E1-8964-497C-9375-7CE4C7E4861F}
		{A80FFBAE-2090-49F6-9EA1-6F5E8EA1E9E6} = {1FA6A0E1-8964-497C-9375-7CE4C7E4861F}
		{13A5C585-FC4E-4000-8D15-C495200A013B} = {1FA6A0E1-8964-497C-9375-7CE4C7E4861F}
		{4D79F637-DE90-4279-8F97-491802C672A2} = {1FA6A0E1-8964-497C-9375-7CE4C7E4861F}
	EndGlobalSection
	GlobalSection(ExtensibilityGlobals) = postSolution
		SolutionGuid = {47C238C8-48C8-4CC9-8EFB-CF2DA5B10FBC}
	EndGlobalSection
EndGlobal
